// !$*UTF8*$!
{
	archiveVersion = 1;
	classes = {
	};
	objectVersion = 56;
	objects = {

/* Begin PBXBuildFile section */
		CE0E16B02D52027D0046DDB8 /* SwiftUINavigationBar.swift in Sources */ = {isa = PBXBuildFile; fileRef = CE0E16AF2D52027D0046DDB8 /* SwiftUINavigationBar.swift */; };
		CE0E16B22D520CBB0046DDB8 /* SwiftUILists.swift in Sources */ = {isa = PBXBuildFile; fileRef = CE0E16B12D520CBB0046DDB8 /* SwiftUILists.swift */; };
		CE0E16B42D5229430046DDB8 /* SwiftUIAlert.swift in Sources */ = {isa = PBXBuildFile; fileRef = CE0E16B32D5229430046DDB8 /* SwiftUIAlert.swift */; };
		CE0E16B62D5232D00046DDB8 /* SwiftUIActionSheet.swift in Sources */ = {isa = PBXBuildFile; fileRef = CE0E16B52D5232D00046DDB8 /* SwiftUIActionSheet.swift */; };
		CE0E16B82D5245610046DDB8 /* SwiftUIContextMenu.swift in Sources */ = {isa = PBXBuildFile; fileRef = CE0E16B72D5245610046DDB8 /* SwiftUIContextMenu.swift */; };
		CE0E16BA2D524BC10046DDB8 /* SwiftUITextField.swift in Sources */ = {isa = PBXBuildFile; fileRef = CE0E16B92D524BC10046DDB8 /* SwiftUITextField.swift */; };
		CE0E16BC2D5256B30046DDB8 /* SwiftUIToggle.swift in Sources */ = {isa = PBXBuildFile; fileRef = CE0E16BB2D5256B30046DDB8 /* SwiftUIToggle.swift */; };
		CE0E16BE2D52671D0046DDB8 /* SwiftUIPicker.swift in Sources */ = {isa = PBXBuildFile; fileRef = CE0E16BD2D52671D0046DDB8 /* SwiftUIPicker.swift */; };
		CE0E16C02D5272070046DDB8 /* SwiftUIColorPicker.swift in Sources */ = {isa = PBXBuildFile; fileRef = CE0E16BF2D5272070046DDB8 /* SwiftUIColorPicker.swift */; };
		CE32D97E2D507C84001386CD /* SwiftUISubView.swift in Sources */ = {isa = PBXBuildFile; fileRef = CE32D97D2D507C84001386CD /* SwiftUISubView.swift */; };
		CE32D9802D508139001386CD /* SwiftUIBinding.swift in Sources */ = {isa = PBXBuildFile; fileRef = CE32D97F2D508139001386CD /* SwiftUIBinding.swift */; };
		CE32D9822D509582001386CD /* SwiftUIAnimations.swift in Sources */ = {isa = PBXBuildFile; fileRef = CE32D9812D509582001386CD /* SwiftUIAnimations.swift */; };
		CE46B3512D4F77E000C66176 /* SwiftUIPadding.swift in Sources */ = {isa = PBXBuildFile; fileRef = CE46B3502D4F77E000C66176 /* SwiftUIPadding.swift */; };
		CE46B3532D4F82D600C66176 /* SwiftUISpacer.swift in Sources */ = {isa = PBXBuildFile; fileRef = CE46B3522D4F82D600C66176 /* SwiftUISpacer.swift */; };
		CE46B3552D4F95D800C66176 /* SwiftUIForEach.swift in Sources */ = {isa = PBXBuildFile; fileRef = CE46B3542D4F95D800C66176 /* SwiftUIForEach.swift */; };
		CE46B3572D4F9E6D00C66176 /* SwiftUIScroll.swift in Sources */ = {isa = PBXBuildFile; fileRef = CE46B3562D4F9E6D00C66176 /* SwiftUIScroll.swift */; };
		CE46B3592D4FB5C200C66176 /* SwiftUIGrid.swift in Sources */ = {isa = PBXBuildFile; fileRef = CE46B3582D4FB5C200C66176 /* SwiftUIGrid.swift */; };
		CE46B35B2D4FBEFE00C66176 /* SwiftUIIgnoreSafeArea.swift in Sources */ = {isa = PBXBuildFile; fileRef = CE46B35A2D4FBEFE00C66176 /* SwiftUIIgnoreSafeArea.swift */; };
		CE46B35D2D4FC73A00C66176 /* SwiftUIButtons.swift in Sources */ = {isa = PBXBuildFile; fileRef = CE46B35C2D4FC73A00C66176 /* SwiftUIButtons.swift */; };
		CE46B35F2D4FDAE500C66176 /* SwiftUIExtracting.swift in Sources */ = {isa = PBXBuildFile; fileRef = CE46B35E2D4FDAE500C66176 /* SwiftUIExtracting.swift */; };
		CE62FE272D4CEAED000B3627 /* SwiftUIFirstApp.swift in Sources */ = {isa = PBXBuildFile; fileRef = CE62FE262D4CEAED000B3627 /* SwiftUIFirstApp.swift */; };
		CE62FE292D4CEAED000B3627 /* ContentView.swift in Sources */ = {isa = PBXBuildFile; fileRef = CE62FE282D4CEAED000B3627 /* ContentView.swift */; };
		CE62FE2B2D4CEAEE000B3627 /* Assets.xcassets in Resources */ = {isa = PBXBuildFile; fileRef = CE62FE2A2D4CEAEE000B3627 /* Assets.xcassets */; };
		CE62FE2E2D4CEAEE000B3627 /* Preview Assets.xcassets in Resources */ = {isa = PBXBuildFile; fileRef = CE62FE2D2D4CEAEE000B3627 /* Preview Assets.xcassets */; };
		CE62FE352D4D0BA8000B3627 /* SwiftUIText.swift in Sources */ = {isa = PBXBuildFile; fileRef = CE62FE342D4D0BA8000B3627 /* SwiftUIText.swift */; };
		CE62FE372D4D1D03000B3627 /* SwiftUICircle.swift in Sources */ = {isa = PBXBuildFile; fileRef = CE62FE362D4D1D03000B3627 /* SwiftUICircle.swift */; };
		CE62FE392D4D2037000B3627 /* SwiftUIEllipse.swift in Sources */ = {isa = PBXBuildFile; fileRef = CE62FE382D4D2037000B3627 /* SwiftUIEllipse.swift */; };
		CE62FE3B2D4D338B000B3627 /* SwiftUICapsule.swift in Sources */ = {isa = PBXBuildFile; fileRef = CE62FE3A2D4D338B000B3627 /* SwiftUICapsule.swift */; };
		CE66C25E2D5145AB00FC7065 /* SwiftUITransition.swift in Sources */ = {isa = PBXBuildFile; fileRef = CE66C25D2D5145AB00FC7065 /* SwiftUITransition.swift */; };
		CE66C2602D514BB800FC7065 /* SwiftUISheets.swift in Sources */ = {isa = PBXBuildFile; fileRef = CE66C25F2D514BB800FC7065 /* SwiftUISheets.swift */; };
		CE88D57D2D4E2754003B12D8 /* SwiftUIColor.swift in Sources */ = {isa = PBXBuildFile; fileRef = CE88D57C2D4E2754003B12D8 /* SwiftUIColor.swift */; };
		CE88D57F2D4E38EB003B12D8 /* SwiftUIgradient.swift in Sources */ = {isa = PBXBuildFile; fileRef = CE88D57E2D4E38EB003B12D8 /* SwiftUIgradient.swift */; };
		CE88D5812D4E3ED6003B12D8 /* SwiftUIIcon.swift in Sources */ = {isa = PBXBuildFile; fileRef = CE88D5802D4E3ED6003B12D8 /* SwiftUIIcon.swift */; };
		CE88D5832D4E437A003B12D8 /* SwiftUIImage.swift in Sources */ = {isa = PBXBuildFile; fileRef = CE88D5822D4E437A003B12D8 /* SwiftUIImage.swift */; };
		CE88D5852D4E4A5A003B12D8 /* SwiftUIFrame.swift in Sources */ = {isa = PBXBuildFile; fileRef = CE88D5842D4E4A5A003B12D8 /* SwiftUIFrame.swift */; };
		CE88D5872D4E5B96003B12D8 /* SwiftUIOverlay.swift in Sources */ = {isa = PBXBuildFile; fileRef = CE88D5862D4E5B96003B12D8 /* SwiftUIOverlay.swift */; };
		CE88D5892D4E6A3D003B12D8 /* SwiftUIStacks.swift in Sources */ = {isa = PBXBuildFile; fileRef = CE88D5882D4E6A3D003B12D8 /* SwiftUIStacks.swift */; };
/* End PBXBuildFile section */

/* Begin PBXFileReference section */
		CE0E16AF2D52027D0046DDB8 /* SwiftUINavigationBar.swift */ = {isa = PBXFileReference; lastKnownFileType = sourcecode.swift; path = SwiftUINavigationBar.swift; sourceTree = "<group>"; };
		CE0E16B12D520CBB0046DDB8 /* SwiftUILists.swift */ = {isa = PBXFileReference; lastKnownFileType = sourcecode.swift; path = SwiftUILists.swift; sourceTree = "<group>"; };
		CE0E16B32D5229430046DDB8 /* SwiftUIAlert.swift */ = {isa = PBXFileReference; lastKnownFileType = sourcecode.swift; path = SwiftUIAlert.swift; sourceTree = "<group>"; };
		CE0E16B52D5232D00046DDB8 /* SwiftUIActionSheet.swift */ = {isa = PBXFileReference; lastKnownFileType = sourcecode.swift; path = SwiftUIActionSheet.swift; sourceTree = "<group>"; };
		CE0E16B72D5245610046DDB8 /* SwiftUIContextMenu.swift */ = {isa = PBXFileReference; lastKnownFileType = sourcecode.swift; path = SwiftUIContextMenu.swift; sourceTree = "<group>"; };
		CE0E16B92D524BC10046DDB8 /* SwiftUITextField.swift */ = {isa = PBXFileReference; lastKnownFileType = sourcecode.swift; path = SwiftUITextField.swift; sourceTree = "<group>"; };
		CE0E16BB2D5256B30046DDB8 /* SwiftUIToggle.swift */ = {isa = PBXFileReference; lastKnownFileType = sourcecode.swift; path = SwiftUIToggle.swift; sourceTree = "<group>"; };
		CE0E16BD2D52671D0046DDB8 /* SwiftUIPicker.swift */ = {isa = PBXFileReference; lastKnownFileType = sourcecode.swift; path = SwiftUIPicker.swift; sourceTree = "<group>"; };
		CE0E16BF2D5272070046DDB8 /* SwiftUIColorPicker.swift */ = {isa = PBXFileReference; lastKnownFileType = sourcecode.swift; path = SwiftUIColorPicker.swift; sourceTree = "<group>"; };
		CE32D97D2D507C84001386CD /* SwiftUISubView.swift */ = {isa = PBXFileReference; lastKnownFileType = sourcecode.swift; path = SwiftUISubView.swift; sourceTree = "<group>"; };
		CE32D97F2D508139001386CD /* SwiftUIBinding.swift */ = {isa = PBXFileReference; lastKnownFileType = sourcecode.swift; path = SwiftUIBinding.swift; sourceTree = "<group>"; };
		CE32D9812D509582001386CD /* SwiftUIAnimations.swift */ = {isa = PBXFileReference; lastKnownFileType = sourcecode.swift; path = SwiftUIAnimations.swift; sourceTree = "<group>"; };
		CE46B3502D4F77E000C66176 /* SwiftUIPadding.swift */ = {isa = PBXFileReference; lastKnownFileType = sourcecode.swift; path = SwiftUIPadding.swift; sourceTree = "<group>"; };
		CE46B3522D4F82D600C66176 /* SwiftUISpacer.swift */ = {isa = PBXFileReference; lastKnownFileType = sourcecode.swift; path = SwiftUISpacer.swift; sourceTree = "<group>"; };
		CE46B3542D4F95D800C66176 /* SwiftUIForEach.swift */ = {isa = PBXFileReference; lastKnownFileType = sourcecode.swift; path = SwiftUIForEach.swift; sourceTree = "<group>"; };
		CE46B3562D4F9E6D00C66176 /* SwiftUIScroll.swift */ = {isa = PBXFileReference; lastKnownFileType = sourcecode.swift; path = SwiftUIScroll.swift; sourceTree = "<group>"; };
		CE46B3582D4FB5C200C66176 /* SwiftUIGrid.swift */ = {isa = PBXFileReference; lastKnownFileType = sourcecode.swift; path = SwiftUIGrid.swift; sourceTree = "<group>"; };
		CE46B35A2D4FBEFE00C66176 /* SwiftUIIgnoreSafeArea.swift */ = {isa = PBXFileReference; lastKnownFileType = sourcecode.swift; path = SwiftUIIgnoreSafeArea.swift; sourceTree = "<group>"; };
		CE46B35C2D4FC73A00C66176 /* SwiftUIButtons.swift */ = {isa = PBXFileReference; lastKnownFileType = sourcecode.swift; path = SwiftUIButtons.swift; sourceTree = "<group>"; };
		CE46B35E2D4FDAE500C66176 /* SwiftUIExtracting.swift */ = {isa = PBXFileReference; lastKnownFileType = sourcecode.swift; path = SwiftUIExtracting.swift; sourceTree = "<group>"; };
		CE62FE232D4CEAED000B3627 /* SwiftUIFirst.app */ = {isa = PBXFileReference; explicitFileType = wrapper.application; includeInIndex = 0; path = SwiftUIFirst.app; sourceTree = BUILT_PRODUCTS_DIR; };
		CE62FE262D4CEAED000B3627 /* SwiftUIFirstApp.swift */ = {isa = PBXFileReference; lastKnownFileType = sourcecode.swift; path = SwiftUIFirstApp.swift; sourceTree = "<group>"; };
		CE62FE282D4CEAED000B3627 /* ContentView.swift */ = {isa = PBXFileReference; lastKnownFileType = sourcecode.swift; path = ContentView.swift; sourceTree = "<group>"; };
		CE62FE2A2D4CEAEE000B3627 /* Assets.xcassets */ = {isa = PBXFileReference; lastKnownFileType = folder.assetcatalog; path = Assets.xcassets; sourceTree = "<group>"; };
		CE62FE2D2D4CEAEE000B3627 /* Preview Assets.xcassets */ = {isa = PBXFileReference; lastKnownFileType = folder.assetcatalog; path = "Preview Assets.xcassets"; sourceTree = "<group>"; };
		CE62FE342D4D0BA8000B3627 /* SwiftUIText.swift */ = {isa = PBXFileReference; lastKnownFileType = sourcecode.swift; path = SwiftUIText.swift; sourceTree = "<group>"; };
		CE62FE362D4D1D03000B3627 /* SwiftUICircle.swift */ = {isa = PBXFileReference; lastKnownFileType = sourcecode.swift; path = SwiftUICircle.swift; sourceTree = "<group>"; };
		CE62FE382D4D2037000B3627 /* SwiftUIEllipse.swift */ = {isa = PBXFileReference; lastKnownFileType = sourcecode.swift; path = SwiftUIEllipse.swift; sourceTree = "<group>"; };
		CE62FE3A2D4D338B000B3627 /* SwiftUICapsule.swift */ = {isa = PBXFileReference; lastKnownFileType = sourcecode.swift; path = SwiftUICapsule.swift; sourceTree = "<group>"; };
		CE66C25D2D5145AB00FC7065 /* SwiftUITransition.swift */ = {isa = PBXFileReference; lastKnownFileType = sourcecode.swift; path = SwiftUITransition.swift; sourceTree = "<group>"; };
		CE66C25F2D514BB800FC7065 /* SwiftUISheets.swift */ = {isa = PBXFileReference; lastKnownFileType = sourcecode.swift; path = SwiftUISheets.swift; sourceTree = "<group>"; };
		CE88D57C2D4E2754003B12D8 /* SwiftUIColor.swift */ = {isa = PBXFileReference; lastKnownFileType = sourcecode.swift; path = SwiftUIColor.swift; sourceTree = "<group>"; };
		CE88D57E2D4E38EB003B12D8 /* SwiftUIgradient.swift */ = {isa = PBXFileReference; lastKnownFileType = sourcecode.swift; path = SwiftUIgradient.swift; sourceTree = "<group>"; };
		CE88D5802D4E3ED6003B12D8 /* SwiftUIIcon.swift */ = {isa = PBXFileReference; lastKnownFileType = sourcecode.swift; path = SwiftUIIcon.swift; sourceTree = "<group>"; };
		CE88D5822D4E437A003B12D8 /* SwiftUIImage.swift */ = {isa = PBXFileReference; lastKnownFileType = sourcecode.swift; path = SwiftUIImage.swift; sourceTree = "<group>"; };
		CE88D5842D4E4A5A003B12D8 /* SwiftUIFrame.swift */ = {isa = PBXFileReference; lastKnownFileType = sourcecode.swift; path = SwiftUIFrame.swift; sourceTree = "<group>"; };
		CE88D5862D4E5B96003B12D8 /* SwiftUIOverlay.swift */ = {isa = PBXFileReference; lastKnownFileType = sourcecode.swift; path = SwiftUIOverlay.swift; sourceTree = "<group>"; };
		CE88D5882D4E6A3D003B12D8 /* SwiftUIStacks.swift */ = {isa = PBXFileReference; lastKnownFileType = sourcecode.swift; path = SwiftUIStacks.swift; sourceTree = "<group>"; };
/* End PBXFileReference section */

/* Begin PBXFrameworksBuildPhase section */
		CE62FE202D4CEAED000B3627 /* Frameworks */ = {
			isa = PBXFrameworksBuildPhase;
			buildActionMask = 2147483647;
			files = (
			);
			runOnlyForDeploymentPostprocessing = 0;
		};
/* End PBXFrameworksBuildPhase section */

/* Begin PBXGroup section */
		CE62FE1A2D4CEAED000B3627 = {
			isa = PBXGroup;
			children = (
				CE62FE252D4CEAED000B3627 /* SwiftUIFirst */,
				CE62FE242D4CEAED000B3627 /* Products */,
			);
			sourceTree = "<group>";
		};
		CE62FE242D4CEAED000B3627 /* Products */ = {
			isa = PBXGroup;
			children = (
				CE62FE232D4CEAED000B3627 /* SwiftUIFirst.app */,
			);
			name = Products;
			sourceTree = "<group>";
		};
		CE62FE252D4CEAED000B3627 /* SwiftUIFirst */ = {
			isa = PBXGroup;
			children = (
				CE62FE262D4CEAED000B3627 /* SwiftUIFirstApp.swift */,
				CE62FE282D4CEAED000B3627 /* ContentView.swift */,
				CE62FE342D4D0BA8000B3627 /* SwiftUIText.swift */,
				CE62FE362D4D1D03000B3627 /* SwiftUICircle.swift */,
				CE88D5822D4E437A003B12D8 /* SwiftUIImage.swift */,
				CE88D57C2D4E2754003B12D8 /* SwiftUIColor.swift */,
				CE88D57E2D4E38EB003B12D8 /* SwiftUIgradient.swift */,
				CE88D5802D4E3ED6003B12D8 /* SwiftUIIcon.swift */,
				CE62FE382D4D2037000B3627 /* SwiftUIEllipse.swift */,
				CE62FE3A2D4D338B000B3627 /* SwiftUICapsule.swift */,
				CE88D5842D4E4A5A003B12D8 /* SwiftUIFrame.swift */,
				CE88D5862D4E5B96003B12D8 /* SwiftUIOverlay.swift */,
				CE88D5882D4E6A3D003B12D8 /* SwiftUIStacks.swift */,
				CE46B3502D4F77E000C66176 /* SwiftUIPadding.swift */,
				CE46B3522D4F82D600C66176 /* SwiftUISpacer.swift */,
				CE46B3542D4F95D800C66176 /* SwiftUIForEach.swift */,
				CE46B3562D4F9E6D00C66176 /* SwiftUIScroll.swift */,
				CE46B3582D4FB5C200C66176 /* SwiftUIGrid.swift */,
				CE46B35A2D4FBEFE00C66176 /* SwiftUIIgnoreSafeArea.swift */,
				CE46B35C2D4FC73A00C66176 /* SwiftUIButtons.swift */,
				CE46B35E2D4FDAE500C66176 /* SwiftUIExtracting.swift */,
				CE32D97D2D507C84001386CD /* SwiftUISubView.swift */,
				CE32D97F2D508139001386CD /* SwiftUIBinding.swift */,
				CE0E16B12D520CBB0046DDB8 /* SwiftUILists.swift */,
				CE0E16B32D5229430046DDB8 /* SwiftUIAlert.swift */,
				CE0E16B52D5232D00046DDB8 /* SwiftUIActionSheet.swift */,
				CE0E16B72D5245610046DDB8 /* SwiftUIContextMenu.swift */,
				CE0E16B92D524BC10046DDB8 /* SwiftUITextField.swift */,
				CE0E16BB2D5256B30046DDB8 /* SwiftUIToggle.swift */,
				CE0E16BD2D52671D0046DDB8 /* SwiftUIPicker.swift */,
				CE0E16AF2D52027D0046DDB8 /* SwiftUINavigationBar.swift */,
				CE66C25D2D5145AB00FC7065 /* SwiftUITransition.swift */,
				CE0E16BF2D5272070046DDB8 /* SwiftUIColorPicker.swift */,
				CE66C25F2D514BB800FC7065 /* SwiftUISheets.swift */,
				CE32D9812D509582001386CD /* SwiftUIAnimations.swift */,
				CE62FE2A2D4CEAEE000B3627 /* Assets.xcassets */,
				CE62FE2C2D4CEAEE000B3627 /* Preview Content */,
			);
			path = SwiftUIFirst;
			sourceTree = "<group>";
		};
		CE62FE2C2D4CEAEE000B3627 /* Preview Content */ = {
			isa = PBXGroup;
			children = (
				CE62FE2D2D4CEAEE000B3627 /* Preview Assets.xcassets */,
			);
			path = "Preview Content";
			sourceTree = "<group>";
		};
/* End PBXGroup section */

/* Begin PBXNativeTarget section */
		CE62FE222D4CEAED000B3627 /* SwiftUIFirst */ = {
			isa = PBXNativeTarget;
			buildConfigurationList = CE62FE312D4CEAEE000B3627 /* Build configuration list for PBXNativeTarget "SwiftUIFirst" */;
			buildPhases = (
				CE62FE1F2D4CEAED000B3627 /* Sources */,
				CE62FE202D4CEAED000B3627 /* Frameworks */,
				CE62FE212D4CEAED000B3627 /* Resources */,
			);
			buildRules = (
			);
			dependencies = (
			);
			name = SwiftUIFirst;
			productName = SwiftUIFirst;
			productReference = CE62FE232D4CEAED000B3627 /* SwiftUIFirst.app */;
			productType = "com.apple.product-type.application";
		};
/* End PBXNativeTarget section */

/* Begin PBXProject section */
		CE62FE1B2D4CEAED000B3627 /* Project object */ = {
			isa = PBXProject;
			attributes = {
				BuildIndependentTargetsInParallel = 1;
				LastSwiftUpdateCheck = 1430;
				LastUpgradeCheck = 1430;
				TargetAttributes = {
					CE62FE222D4CEAED000B3627 = {
						CreatedOnToolsVersion = 14.3.1;
					};
				};
			};
			buildConfigurationList = CE62FE1E2D4CEAED000B3627 /* Build configuration list for PBXProject "SwiftUIFirst" */;
			compatibilityVersion = "Xcode 14.0";
			developmentRegion = en;
			hasScannedForEncodings = 0;
			knownRegions = (
				en,
				Base,
			);
			mainGroup = CE62FE1A2D4CEAED000B3627;
			productRefGroup = CE62FE242D4CEAED000B3627 /* Products */;
			projectDirPath = "";
			projectRoot = "";
			targets = (
				CE62FE222D4CEAED000B3627 /* SwiftUIFirst */,
			);
		};
/* End PBXProject section */

/* Begin PBXResourcesBuildPhase section */
		CE62FE212D4CEAED000B3627 /* Resources */ = {
			isa = PBXResourcesBuildPhase;
			buildActionMask = 2147483647;
			files = (
				CE62FE2E2D4CEAEE000B3627 /* Preview Assets.xcassets in Resources */,
				CE62FE2B2D4CEAEE000B3627 /* Assets.xcassets in Resources */,
			);
			runOnlyForDeploymentPostprocessing = 0;
		};
/* End PBXResourcesBuildPhase section */

/* Begin PBXSourcesBuildPhase section */
		CE62FE1F2D4CEAED000B3627 /* Sources */ = {
			isa = PBXSourcesBuildPhase;
			buildActionMask = 2147483647;
			files = (
				CE0E16BC2D5256B30046DDB8 /* SwiftUIToggle.swift in Sources */,
				CE88D5812D4E3ED6003B12D8 /* SwiftUIIcon.swift in Sources */,
				CE46B3512D4F77E000C66176 /* SwiftUIPadding.swift in Sources */,
				CE46B3552D4F95D800C66176 /* SwiftUIForEach.swift in Sources */,
				CE0E16B22D520CBB0046DDB8 /* SwiftUILists.swift in Sources */,
				CE46B3532D4F82D600C66176 /* SwiftUISpacer.swift in Sources */,
				CE0E16BA2D524BC10046DDB8 /* SwiftUITextField.swift in Sources */,
				CE62FE292D4CEAED000B3627 /* ContentView.swift in Sources */,
				CE66C2602D514BB800FC7065 /* SwiftUISheets.swift in Sources */,
				CE32D97E2D507C84001386CD /* SwiftUISubView.swift in Sources */,
				CE0E16B02D52027D0046DDB8 /* SwiftUINavigationBar.swift in Sources */,
				CE0E16BE2D52671D0046DDB8 /* SwiftUIPicker.swift in Sources */,
				CE46B35B2D4FBEFE00C66176 /* SwiftUIIgnoreSafeArea.swift in Sources */,
				CE0E16B42D5229430046DDB8 /* SwiftUIAlert.swift in Sources */,
				CE46B35F2D4FDAE500C66176 /* SwiftUIExtracting.swift in Sources */,
				CE66C25E2D5145AB00FC7065 /* SwiftUITransition.swift in Sources */,
				CE32D9822D509582001386CD /* SwiftUIAnimations.swift in Sources */,
				CE0E16C02D5272070046DDB8 /* SwiftUIColorPicker.swift in Sources */,
				CE46B3592D4FB5C200C66176 /* SwiftUIGrid.swift in Sources */,
				CE88D57F2D4E38EB003B12D8 /* SwiftUIgradient.swift in Sources */,
				CE62FE352D4D0BA8000B3627 /* SwiftUIText.swift in Sources */,
				CE88D5872D4E5B96003B12D8 /* SwiftUIOverlay.swift in Sources */,
				CE0E16B82D5245610046DDB8 /* SwiftUIContextMenu.swift in Sources */,
				CE88D57D2D4E2754003B12D8 /* SwiftUIColor.swift in Sources */,
				CE62FE392D4D2037000B3627 /* SwiftUIEllipse.swift in Sources */,
				CE88D5892D4E6A3D003B12D8 /* SwiftUIStacks.swift in Sources */,
				CE62FE3B2D4D338B000B3627 /* SwiftUICapsule.swift in Sources */,
				CE62FE272D4CEAED000B3627 /* SwiftUIFirstApp.swift in Sources */,
				CE32D9802D508139001386CD /* SwiftUIBinding.swift in Sources */,
				CE62FE372D4D1D03000B3627 /* SwiftUICircle.swift in Sources */,
				CE46B3572D4F9E6D00C66176 /* SwiftUIScroll.swift in Sources */,
				CE46B35D2D4FC73A00C66176 /* SwiftUIButtons.swift in Sources */,
				CE0E16B62D5232D00046DDB8 /* SwiftUIActionSheet.swift in Sources */,
				CE88D5852D4E4A5A003B12D8 /* SwiftUIFrame.swift in Sources */,
				CE88D5832D4E437A003B12D8 /* SwiftUIImage.swift in Sources */,
			);
			runOnlyForDeploymentPostprocessing = 0;
		};
/* End PBXSourcesBuildPhase section */

/* Begin XCBuildConfiguration section */
		CE62FE2F2D4CEAEE000B3627 /* Debug */ = {
			isa = XCBuildConfiguration;
			buildSettings = {
				ALWAYS_SEARCH_USER_PATHS = NO;
				CLANG_ANALYZER_NONNULL = YES;
				CLANG_ANALYZER_NUMBER_OBJECT_CONVERSION = YES_AGGRESSIVE;
				CLANG_CXX_LANGUAGE_STANDARD = "gnu++20";
				CLANG_ENABLE_MODULES = YES;
				CLANG_ENABLE_OBJC_ARC = YES;
				CLANG_ENABLE_OBJC_WEAK = YES;
				CLANG_WARN_BLOCK_CAPTURE_AUTORELEASING = YES;
				CLANG_WARN_BOOL_CONVERSION = YES;
				CLANG_WARN_COMMA = YES;
				CLANG_WARN_CONSTANT_CONVERSION = YES;
				CLANG_WARN_DEPRECATED_OBJC_IMPLEMENTATIONS = YES;
				CLANG_WARN_DIRECT_OBJC_ISA_USAGE = YES_ERROR;
				CLANG_WARN_DOCUMENTATION_COMMENTS = YES;
				CLANG_WARN_EMPTY_BODY = YES;
				CLANG_WARN_ENUM_CONVERSION = YES;
				CLANG_WARN_INFINITE_RECURSION = YES;
				CLANG_WARN_INT_CONVERSION = YES;
				CLANG_WARN_NON_LITERAL_NULL_CONVERSION = YES;
				CLANG_WARN_OBJC_IMPLICIT_RETAIN_SELF = YES;
				CLANG_WARN_OBJC_LITERAL_CONVERSION = YES;
				CLANG_WARN_OBJC_ROOT_CLASS = YES_ERROR;
				CLANG_WARN_QUOTED_INCLUDE_IN_FRAMEWORK_HEADER = YES;
				CLANG_WARN_RANGE_LOOP_ANALYSIS = YES;
				CLANG_WARN_STRICT_PROTOTYPES = YES;
				CLANG_WARN_SUSPICIOUS_MOVE = YES;
				CLANG_WARN_UNGUARDED_AVAILABILITY = YES_AGGRESSIVE;
				CLANG_WARN_UNREACHABLE_CODE = YES;
				CLANG_WARN__DUPLICATE_METHOD_MATCH = YES;
				COPY_PHASE_STRIP = NO;
				DEBUG_INFORMATION_FORMAT = dwarf;
				ENABLE_STRICT_OBJC_MSGSEND = YES;
				ENABLE_TESTABILITY = YES;
				GCC_C_LANGUAGE_STANDARD = gnu11;
				GCC_DYNAMIC_NO_PIC = NO;
				GCC_NO_COMMON_BLOCKS = YES;
				GCC_OPTIMIZATION_LEVEL = 0;
				GCC_PREPROCESSOR_DEFINITIONS = (
					"DEBUG=1",
					"$(inherited)",
				);
				GCC_WARN_64_TO_32_BIT_CONVERSION = YES;
				GCC_WARN_ABOUT_RETURN_TYPE = YES_ERROR;
				GCC_WARN_UNDECLARED_SELECTOR = YES;
				GCC_WARN_UNINITIALIZED_AUTOS = YES_AGGRESSIVE;
				GCC_WARN_UNUSED_FUNCTION = YES;
				GCC_WARN_UNUSED_VARIABLE = YES;
				IPHONEOS_DEPLOYMENT_TARGET = 16.4;
				MTL_ENABLE_DEBUG_INFO = INCLUDE_SOURCE;
				MTL_FAST_MATH = YES;
				ONLY_ACTIVE_ARCH = YES;
				SDKROOT = iphoneos;
				SWIFT_ACTIVE_COMPILATION_CONDITIONS = DEBUG;
				SWIFT_OPTIMIZATION_LEVEL = "-Onone";
			};
			name = Debug;
		};
		CE62FE302D4CEAEE000B3627 /* Release */ = {
			isa = XCBuildConfiguration;
			buildSettings = {
				ALWAYS_SEARCH_USER_PATHS = NO;
				CLANG_ANALYZER_NONNULL = YES;
				CLANG_ANALYZER_NUMBER_OBJECT_CONVERSION = YES_AGGRESSIVE;
				CLANG_CXX_LANGUAGE_STANDARD = "gnu++20";
				CLANG_ENABLE_MODULES = YES;
				CLANG_ENABLE_OBJC_ARC = YES;
				CLANG_ENABLE_OBJC_WEAK = YES;
				CLANG_WARN_BLOCK_CAPTURE_AUTORELEASING = YES;
				CLANG_WARN_BOOL_CONVERSION = YES;
				CLANG_WARN_COMMA = YES;
				CLANG_WARN_CONSTANT_CONVERSION = YES;
				CLANG_WARN_DEPRECATED_OBJC_IMPLEMENTATIONS = YES;
				CLANG_WARN_DIRECT_OBJC_ISA_USAGE = YES_ERROR;
				CLANG_WARN_DOCUMENTATION_COMMENTS = YES;
				CLANG_WARN_EMPTY_BODY = YES;
				CLANG_WARN_ENUM_CONVERSION = YES;
				CLANG_WARN_INFINITE_RECURSION = YES;
				CLANG_WARN_INT_CONVERSION = YES;
				CLANG_WARN_NON_LITERAL_NULL_CONVERSION = YES;
				CLANG_WARN_OBJC_IMPLICIT_RETAIN_SELF = YES;
				CLANG_WARN_OBJC_LITERAL_CONVERSION = YES;
				CLANG_WARN_OBJC_ROOT_CLASS = YES_ERROR;
				CLANG_WARN_QUOTED_INCLUDE_IN_FRAMEWORK_HEADER = YES;
				CLANG_WARN_RANGE_LOOP_ANALYSIS = YES;
				CLANG_WARN_STRICT_PROTOTYPES = YES;
				CLANG_WARN_SUSPICIOUS_MOVE = YES;
				CLANG_WARN_UNGUARDED_AVAILABILITY = YES_AGGRESSIVE;
				CLANG_WARN_UNREACHABLE_CODE = YES;
				CLANG_WARN__DUPLICATE_METHOD_MATCH = YES;
				COPY_PHASE_STRIP = NO;
				DEBUG_INFORMATION_FORMAT = "dwarf-with-dsym";
				ENABLE_NS_ASSERTIONS = NO;
				ENABLE_STRICT_OBJC_MSGSEND = YES;
				GCC_C_LANGUAGE_STANDARD = gnu11;
				GCC_NO_COMMON_BLOCKS = YES;
				GCC_WARN_64_TO_32_BIT_CONVERSION = YES;
				GCC_WARN_ABOUT_RETURN_TYPE = YES_ERROR;
				GCC_WARN_UNDECLARED_SELECTOR = YES;
				GCC_WARN_UNINITIALIZED_AUTOS = YES_AGGRESSIVE;
				GCC_WARN_UNUSED_FUNCTION = YES;
				GCC_WARN_UNUSED_VARIABLE = YES;
				IPHONEOS_DEPLOYMENT_TARGET = 16.4;
				MTL_ENABLE_DEBUG_INFO = NO;
				MTL_FAST_MATH = YES;
				SDKROOT = iphoneos;
				SWIFT_COMPILATION_MODE = wholemodule;
				SWIFT_OPTIMIZATION_LEVEL = "-O";
				VALIDATE_PRODUCT = YES;
			};
			name = Release;
		};
		CE62FE322D4CEAEE000B3627 /* Debug */ = {
			isa = XCBuildConfiguration;
			buildSettings = {
				ASSETCATALOG_COMPILER_APPICON_NAME = AppIcon;
				ASSETCATALOG_COMPILER_GLOBAL_ACCENT_COLOR_NAME = AccentColor;
				CODE_SIGN_STYLE = Automatic;
				CURRENT_PROJECT_VERSION = 1;
				DEVELOPMENT_ASSET_PATHS = "\"SwiftUIFirst/Preview Content\"";
				DEVELOPMENT_TEAM = 8D8A3356H5;
				ENABLE_PREVIEWS = YES;
				GENERATE_INFOPLIST_FILE = YES;
				INFOPLIST_KEY_UIApplicationSceneManifest_Generation = YES;
				INFOPLIST_KEY_UIApplicationSupportsIndirectInputEvents = YES;
				INFOPLIST_KEY_UILaunchScreen_Generation = YES;
				INFOPLIST_KEY_UISupportedInterfaceOrientations_iPad = "UIInterfaceOrientationPortrait UIInterfaceOrientationPortraitUpsideDown UIInterfaceOrientationLandscapeLeft UIInterfaceOrientationLandscapeRight";
				INFOPLIST_KEY_UISupportedInterfaceOrientations_iPhone = "UIInterfaceOrientationPortrait UIInterfaceOrientationLandscapeLeft UIInterfaceOrientationLandscapeRight";
				IPHONEOS_DEPLOYMENT_TARGET = 15.0;
				LD_RUNPATH_SEARCH_PATHS = (
					"$(inherited)",
					"@executable_path/Frameworks",
				);
				MARKETING_VERSION = 1.0.1;
				PRODUCT_BUNDLE_IDENTIFIER = com.Mohamed.SwiftUIFirst;
				PRODUCT_NAME = "$(TARGET_NAME)";
				SUPPORTED_PLATFORMS = "iphoneos iphonesimulator";
				SUPPORTS_MACCATALYST = NO;
				SUPPORTS_MAC_DESIGNED_FOR_IPHONE_IPAD = NO;
				SWIFT_EMIT_LOC_STRINGS = YES;
				SWIFT_VERSION = 5.0;
				TARGETED_DEVICE_FAMILY = "1,2";
			};
			name = Debug;
		};
		CE62FE332D4CEAEE000B3627 /* Release */ = {
			isa = XCBuildConfiguration;
			buildSettings = {
				ASSETCATALOG_COMPILER_APPICON_NAME = AppIcon;
				ASSETCATALOG_COMPILER_GLOBAL_ACCENT_COLOR_NAME = AccentColor;
				CODE_SIGN_STYLE = Automatic;
				CURRENT_PROJECT_VERSION = 1;
				DEVELOPMENT_ASSET_PATHS = "\"SwiftUIFirst/Preview Content\"";
				DEVELOPMENT_TEAM = 8D8A3356H5;
				ENABLE_PREVIEWS = YES;
				GENERATE_INFOPLIST_FILE = YES;
				INFOPLIST_KEY_UIApplicationSceneManifest_Generation = YES;
				INFOPLIST_KEY_UIApplicationSupportsIndirectInputEvents = YES;
				INFOPLIST_KEY_UILaunchScreen_Generation = YES;
				INFOPLIST_KEY_UISupportedInterfaceOrientations_iPad = "UIInterfaceOrientationPortrait UIInterfaceOrientationPortraitUpsideDown UIInterfaceOrientationLandscapeLeft UIInterfaceOrientationLandscapeRight";
				INFOPLIST_KEY_UISupportedInterfaceOrientations_iPhone = "UIInterfaceOrientationPortrait UIInterfaceOrientationLandscapeLeft UIInterfaceOrientationLandscapeRight";
				IPHONEOS_DEPLOYMENT_TARGET = 15.0;
				LD_RUNPATH_SEARCH_PATHS = (
					"$(inherited)",
					"@executable_path/Frameworks",
				);
				MARKETING_VERSION = 1.0.1;
				PRODUCT_BUNDLE_IDENTIFIER = com.Mohamed.SwiftUIFirst;
				PRODUCT_NAME = "$(TARGET_NAME)";
				SUPPORTED_PLATFORMS = "iphoneos iphonesimulator";
				SUPPORTS_MACCATALYST = NO;
				SUPPORTS_MAC_DESIGNED_FOR_IPHONE_IPAD = NO;
				SWIFT_EMIT_LOC_STRINGS = YES;
				SWIFT_VERSION = 5.0;
				TARGETED_DEVICE_FAMILY = "1,2";
			};
			name = Release;
		};
/* End XCBuildConfiguration section */

/* Begin XCConfigurationList section */
		CE62FE1E2D4CEAED000B3627 /* Build configuration list for PBXProject "SwiftUIFirst" */ = {
			isa = XCConfigurationList;
			buildConfigurations = (
				CE62FE2F2D4CEAEE000B3627 /* Debug */,
				CE62FE302D4CEAEE000B3627 /* Release */,
			);
			defaultConfigurationIsVisible = 0;
			defaultConfigurationName = Release;
		};
		CE62FE312D4CEAEE000B3627 /* Build configuration list for PBXNativeTarget "SwiftUIFirst" */ = {
			isa = XCConfigurationList;
			buildConfigurations = (
				CE62FE322D4CEAEE000B3627 /* Debug */,
				CE62FE332D4CEAEE000B3627 /* Release */,
			);
			defaultConfigurationIsVisible = 0;
			defaultConfigurationName = Release;
		};
/* End XCConfigurationList section */
	};
	rootObject = CE62FE1B2D4CEAED000B3627 /* Project object */;
}
